Microsoft Visual Studio Solution File, Format Version 12.00
# Visual Studio 15
VisualStudioVersion = 15.0.28010.2026
MinimumVisualStudioVersion = 10.0.40219.1
Project("{8BC9CEB8-8B4A-11D0-8D11-00A0C91BC942}") = "suppose", "suppose.vcxproj", "{058C93E0-DA97-4410-A53C-726EA8055E68}"
EndProject
Global
	GlobalSection(SolutionConfigurationPlatforms) = preSolution
		(x86) Debug|Win32 = (x86) Debug|Win32
		(x86) Release|Win32 = (x86) Release|Win32
	EndGlobalSection
	GlobalSection(ProjectConfigurationPlatforms) = postSolution
		{058C93E0-DA97-4410-A53C-726EA8055E68}.(x86) Debug|Win32.ActiveCfg = Debug|Win32
		{058C93E0-DA97-4410-A53C-726EA8055E68}.(x86) Debug|Win32.Build.0 = Debug|Win32
		{058C93E0-DA97-4410-A53C-726EA8055E68}.(x86) Release|Win32.ActiveCfg = Release|Win32
		{058C93E0-DA97-4410-A53C-726EA8055E68}.(x86) Release|Win32.Build.0 = Release|Win32
	EndGlobalSection
	GlobalSection(SolutionProperties) = preSolution
		HideSolutionNode = FALSE
	EndGlobalSection
	GlobalSection(ExtensibilityGlobals) = postSolution
		SolutionGuid = {22500EED-6681-4AA9-8127-2F5B2BBC42AD}
	EndGlobalSection
EndGlobal
